[root]
name = "rust_roller"
version = "0.0.1"
dependencies = [
 "rustbox 0.2.7 (registry+https://github.com/rust-lang/crates.io-index)",
]

[[package]]
name = "rustbox"
version = "0.2.7"
source = "registry+https://github.com/rust-lang/crates.io-index"
dependencies = [
 "termbox-sys 0.1.2 (registry+https://github.com/rust-lang/crates.io-index)",
]

[[package]]
name = "termbox-sys"
version = "0.1.2"
source = "registry+https://github.com/rust-lang/crates.io-index"

